<?xml version="1.0" encoding="utf-8"?>
<Project ToolsVersion="4.0" xmlns="http://schemas.microsoft.com/developer/msbuild/2003">
  <ItemGroup>
    <Filter Include="Source Files">
      <UniqueIdentifier>{4FC737F1-C7A5-4376-A066-2A32D752A2FF}</UniqueIdentifier>
      <Extensions>cpp;c;cc;cxx;def;odl;idl;hpj;bat;asm;asmx</Extensions>
    </Filter>
    <Filter Include="Header Files">
      <UniqueIdentifier>{93995380-89BD-4b04-88EB-625FBE52EBFB}</UniqueIdentifier>
      <Extensions>h;hh;hpp;hxx;hm;inl;inc;xsd</Extensions>
    </Filter>
    <Filter Include="Resource Files">
      <UniqueIdentifier>{67DA6AB6-F800-4c08-8B7A-83BB121AAD01}</UniqueIdentifier>
      <Extensions>rc;ico;cur;bmp;dlg;rc2;rct;bin;rgs;gif;jpg;jpeg;jpe;resx;tiff;tif;png;wav;mfcribbon-ms</Extensions>
    </Filter>
    <Filter Include="Source Files\Main">
      <UniqueIdentifier>{5c56c4f7-855c-4f83-a671-c7cfd9b2e31c}</UniqueIdentifier>
    </Filter>
    <Filter Include="Source Files\Movement">
      <UniqueIdentifier>{8fe42a1a-0a62-49dc-9289-7432ccebdb3e}</UniqueIdentifier>
    </Filter>
    <Filter Include="Source Files\Colliders">
      <UniqueIdentifier>{99495e92-c954-41b0-86f2-496336d6f49d}</UniqueIdentifier>
    </Filter>
    <Filter Include="Source Files\Shadows">
      <UniqueIdentifier>{7e2874a5-98e9-40a6-8529-620a73f664d4}</UniqueIdentifier>
    </Filter>
    <Filter Include="Source Files\Light">
      <UniqueIdentifier>{440a020d-bf8c-431d-a3fe-0048e4a38ac0}</UniqueIdentifier>
    </Filter>
    <Filter Include="Source Files\Misc">
      <UniqueIdentifier>{3535493a-6dca-426a-a8e8-35bc57de4e3e}</UniqueIdentifier>
    </Filter>
    <Filter Include="Header Files\Main">
      <UniqueIdentifier>{a5e34511-be3e-4e12-b63a-08a501a5ee98}</UniqueIdentifier>
    </Filter>
    <Filter Include="Header Files\Movement">
      <UniqueIdentifier>{3b1e757e-ba45-4d11-9138-feecb61021b0}</UniqueIdentifier>
    </Filter>
    <Filter Include="Header Files\Colliders">
      <UniqueIdentifier>{6dd3d8be-f65c-4724-bee0-d997a778e8ed}</UniqueIdentifier>
    </Filter>
    <Filter Include="Header Files\Light">
      <UniqueIdentifier>{3ac01088-8ca4-4860-9c2c-7413c19d108c}</UniqueIdentifier>
    </Filter>
    <Filter Include="Header Files\Misc">
      <UniqueIdentifier>{d6b1503c-ca4c-4a7e-aa89-ada7ae3ccc3b}</UniqueIdentifier>
    </Filter>
    <Filter Include="Header Files\Shadows">
      <UniqueIdentifier>{5c491c6a-a682-421a-a0b3-27f26556ee07}</UniqueIdentifier>
    </Filter>
    <Filter Include="Resource Files\Default Shaders">
      <UniqueIdentifier>{fb0e1ecf-c06d-4d70-a41a-e60cb0bb95ed}</UniqueIdentifier>
    </Filter>
    <Filter Include="Resource Files\Shadow Shaders">
      <UniqueIdentifier>{cb6cb83f-0b36-4a12-b9e5-4eb5a67286cf}</UniqueIdentifier>
    </Filter>
    <Filter Include="Resource Files\Light Computation">
      <UniqueIdentifier>{6ea09ecd-0ca2-47c3-9568-784080c333bd}</UniqueIdentifier>
    </Filter>
  </ItemGroup>
  <ItemGroup>
    <ClCompile Include="WinMain.cpp">
      <Filter>Source Files\Main</Filter>
    </ClCompile>
    <ClCompile Include="GameTimer.cpp">
      <Filter>Source Files\Misc</Filter>
    </ClCompile>
    <ClCompile Include="Counters.cpp">
      <Filter>Source Files\Misc</Filter>
    </ClCompile>
    <ClCompile Include="Obj.cpp">
      <Filter>Source Files\Misc</Filter>
    </ClCompile>
    <ClCompile Include="Input.cpp">
      <Filter>Source Files\Misc</Filter>
    </ClCompile>
    <ClCompile Include="RenderEngine.cpp">
      <Filter>Source Files\Main</Filter>
    </ClCompile>
    <ClCompile Include="PlayerObject.cpp">
      <Filter>Source Files\Misc</Filter>
    </ClCompile>
    <ClCompile Include="Physics.cpp">
      <Filter>Source Files</Filter>
    </ClCompile>
    <ClCompile Include="Light.cpp">
      <Filter>Source Files\Light</Filter>
    </ClCompile>
    <ClCompile Include="Collision.cpp">
      <Filter>Source Files\Colliders</Filter>
    </ClCompile>
    <ClCompile Include="Camera.cpp">
      <Filter>Source Files\Misc</Filter>
    </ClCompile>
    <ClCompile Include="BinaryTree.cpp">
      <Filter>Source Files</Filter>
    </ClCompile>
    <ClCompile Include="Quadtree.cpp">
      <Filter>Source Files\Misc</Filter>
    </ClCompile>
  </ItemGroup>
  <ItemGroup>
    <ClInclude Include="GameTimer.h">
      <Filter>Header Files\Misc</Filter>
    </ClInclude>
    <ClInclude Include="RenderEngine.h">
      <Filter>Header Files\Main</Filter>
    </ClInclude>
    <ClInclude Include="Counters.h">
      <Filter>Header Files\Misc</Filter>
    </ClInclude>
    <ClInclude Include="Obj.h">
      <Filter>Header Files\Misc</Filter>
    </ClInclude>
    <ClInclude Include="BoundingBox.h">
      <Filter>Header Files\Misc</Filter>
    </ClInclude>
    <ClInclude Include="CollectableObject.h">
      <Filter>Header Files\Misc</Filter>
    </ClInclude>
    <ClInclude Include="CollisionObject.h">
      <Filter>Header Files\Misc</Filter>
    </ClInclude>
    <ClInclude Include="DirectionalLight.h">
      <Filter>Header Files\Misc</Filter>
    </ClInclude>
    <ClInclude Include="Entity.h">
      <Filter>Header Files\Misc</Filter>
    </ClInclude>
    <ClInclude Include="GameObject.h">
      <Filter>Header Files\Misc</Filter>
    </ClInclude>
    <ClInclude Include="Light.h">
      <Filter>Header Files\Misc</Filter>
    </ClInclude>
    <ClInclude Include="Platform.h">
      <Filter>Header Files\Misc</Filter>
    </ClInclude>
    <ClInclude Include="PlayerObject.h">
      <Filter>Header Files\Misc</Filter>
    </ClInclude>
    <ClInclude Include="PointLight.h">
      <Filter>Header Files\Misc</Filter>
    </ClInclude>
    <ClInclude Include="SpotLight.h">
      <Filter>Header Files\Misc</Filter>
    </ClInclude>
    <ClInclude Include="Input.h">
      <Filter>Header Files\Misc</Filter>
    </ClInclude>
    <ClInclude Include="Physics.h">
      <Filter>Header Files</Filter>
    </ClInclude>
    <ClInclude Include="Collision.h">
      <Filter>Header Files\Colliders</Filter>
    </ClInclude>
    <ClInclude Include="Camera.h">
      <Filter>Header Files\Misc</Filter>
    </ClInclude>
    <ClInclude Include="BinaryTree.h">
      <Filter>Header Files</Filter>
    </ClInclude>
    <ClInclude Include="Quadtree.h">
      <Filter>Header Files\Misc</Filter>
    </ClInclude>
  </ItemGroup>
  <ItemGroup>
    <FxCompile Include="defaultVS.hlsl">
      <Filter>Resource Files\Default Shaders</Filter>
    </FxCompile>
    <FxCompile Include="defaultPS.hlsl">
      <Filter>Resource Files\Default Shaders</Filter>
    </FxCompile>
    <FxCompile Include="LightComputations.fx">
      <Filter>Resource Files\Light Computation</Filter>
    </FxCompile>
  </ItemGroup>
</Project>